// !$*UTF8*$!
{
	archiveVersion = 1;
	classes = {
	};
	objectVersion = 56;
	objects = {

/* Begin PBXBuildFile section */
		6F2AFA842BC7E3C300D8F044 /* UserLocation.swift in Sources */ = {isa = PBXBuildFile; fileRef = 6F2AFA832BC7E3C300D8F044 /* UserLocation.swift */; };
		6F2AFA862BC7E6C700D8F044 /* NavigationViewController.swift in Sources */ = {isa = PBXBuildFile; fileRef = 6F2AFA852BC7E6C700D8F044 /* NavigationViewController.swift */; };
		6F40A9652B6AF62300F20A4F /* FavoritesViewController.swift in Sources */ = {isa = PBXBuildFile; fileRef = 6F40A9642B6AF62300F20A4F /* FavoritesViewController.swift */; };
		6F40A9672B6AF66300F20A4F /* AccountViewController.swift in Sources */ = {isa = PBXBuildFile; fileRef = 6F40A9662B6AF66300F20A4F /* AccountViewController.swift */; };
		6F4ADD0C2BA780A700E8A7A7 /* SearchResultsFloatingViewController.swift in Sources */ = {isa = PBXBuildFile; fileRef = 6F4ADD0B2BA780A700E8A7A7 /* SearchResultsFloatingViewController.swift */; };
		6F69030A2B9DECBB00ED20B7 /* ClusterListener.swift in Sources */ = {isa = PBXBuildFile; fileRef = 6F6903092B9DECBB00ED20B7 /* ClusterListener.swift */; };
		6F69030C2B9E47EF00ED20B7 /* ClusterView.swift in Sources */ = {isa = PBXBuildFile; fileRef = 6F69030B2B9E47EF00ED20B7 /* ClusterView.swift */; };
		6FD9AAC42BCF1EEF00E4824F /* FavouritePlacesDB.xcdatamodeld in Sources */ = {isa = PBXBuildFile; fileRef = 6FD9AAC22BCF1EEF00E4824F /* FavouritePlacesDB.xcdatamodeld */; };
		6FD9AAC62BCFB39F00E4824F /* FavouritePlacesDB.swift in Sources */ = {isa = PBXBuildFile; fileRef = 6FD9AAC52BCFB39F00E4824F /* FavouritePlacesDB.swift */; };
		6FDA922B2BCD804B00F3CF32 /* MenuCollectionViewCell.swift in Sources */ = {isa = PBXBuildFile; fileRef = 6FDA922A2BCD804B00F3CF32 /* MenuCollectionViewCell.swift */; };
		6FDD517C2BC2EB88004CD81C /* PlaceInfoViewController.swift in Sources */ = {isa = PBXBuildFile; fileRef = 6FDD517B2BC2EB88004CD81C /* PlaceInfoViewController.swift */; };
		6FDE97122B69A8D70036E3BB /* AppDelegate.swift in Sources */ = {isa = PBXBuildFile; fileRef = 6FDE97112B69A8D70036E3BB /* AppDelegate.swift */; };
		6FDE97142B69A8D70036E3BB /* SceneDelegate.swift in Sources */ = {isa = PBXBuildFile; fileRef = 6FDE97132B69A8D70036E3BB /* SceneDelegate.swift */; };
		6FDE97162B69A8D70036E3BB /* SearchViewController.swift in Sources */ = {isa = PBXBuildFile; fileRef = 6FDE97152B69A8D70036E3BB /* SearchViewController.swift */; };
		6FDE97192B69A8D70036E3BB /* Main.storyboard in Resources */ = {isa = PBXBuildFile; fileRef = 6FDE97172B69A8D70036E3BB /* Main.storyboard */; };
		6FDE971B2B69A8DD0036E3BB /* Assets.xcassets in Resources */ = {isa = PBXBuildFile; fileRef = 6FDE971A2B69A8DD0036E3BB /* Assets.xcassets */; };
		6FDE971E2B69A8DD0036E3BB /* LaunchScreen.storyboard in Resources */ = {isa = PBXBuildFile; fileRef = 6FDE971C2B69A8DD0036E3BB /* LaunchScreen.storyboard */; };
		6FDF87582BBF425100E1D8C5 /* MapController.swift in Sources */ = {isa = PBXBuildFile; fileRef = 6FDF87572BBF425100E1D8C5 /* MapController.swift */; };
		6FDF875E2BC15C7F00E1D8C5 /* PlaceInfoCell.xib in Resources */ = {isa = PBXBuildFile; fileRef = 6FDF875D2BC15C7F00E1D8C5 /* PlaceInfoCell.xib */; };
		6FDF87602BC162BD00E1D8C5 /* PlaceInfoCell.swift in Sources */ = {isa = PBXBuildFile; fileRef = 6FDF875F2BC162BD00E1D8C5 /* PlaceInfoCell.swift */; };
		6FE14C022B93D406008E843D /* Place.swift in Sources */ = {isa = PBXBuildFile; fileRef = 6FE14C012B93D406008E843D /* Place.swift */; };
		6FE14FEF2BCC2DD00090CAEE /* LocationManager.swift in Sources */ = {isa = PBXBuildFile; fileRef = 6FE14FEE2BCC2DD00090CAEE /* LocationManager.swift */; };
		6FF33C872B868B5A0057A5DE /* SearchResultsViewController.swift in Sources */ = {isa = PBXBuildFile; fileRef = 6FF33C862B868B5A0057A5DE /* SearchResultsViewController.swift */; };
		6FF8BC1D2BB8D6B9008007A6 /* SearchManager.swift in Sources */ = {isa = PBXBuildFile; fileRef = 6FF8BC1C2BB8D6B9008007A6 /* SearchManager.swift */; };
		6FF8BC1F2BB8DA76008007A6 /* SearchResponseItem.swift in Sources */ = {isa = PBXBuildFile; fileRef = 6FF8BC1E2BB8DA76008007A6 /* SearchResponseItem.swift */; };
		7D8650CC37BDA138DC1031B8 /* Pods_Diplom.framework in Frameworks */ = {isa = PBXBuildFile; fileRef = 1C04F8057B8A1EDCA52638C9 /* Pods_Diplom.framework */; };
/* End PBXBuildFile section */

/* Begin PBXFileReference section */
		115553A5A8261D82EC6F96EC /* Pods-Diplom.debug.xcconfig */ = {isa = PBXFileReference; includeInIndex = 1; lastKnownFileType = text.xcconfig; name = "Pods-Diplom.debug.xcconfig"; path = "Target Support Files/Pods-Diplom/Pods-Diplom.debug.xcconfig"; sourceTree = "<group>"; };
		1C04F8057B8A1EDCA52638C9 /* Pods_Diplom.framework */ = {isa = PBXFileReference; explicitFileType = wrapper.framework; includeInIndex = 0; path = Pods_Diplom.framework; sourceTree = BUILT_PRODUCTS_DIR; };
		6F2AFA832BC7E3C300D8F044 /* UserLocation.swift */ = {isa = PBXFileReference; lastKnownFileType = sourcecode.swift; path = UserLocation.swift; sourceTree = "<group>"; };
		6F2AFA852BC7E6C700D8F044 /* NavigationViewController.swift */ = {isa = PBXFileReference; lastKnownFileType = sourcecode.swift; path = NavigationViewController.swift; sourceTree = "<group>"; };
		6F40A9642B6AF62300F20A4F /* FavoritesViewController.swift */ = {isa = PBXFileReference; lastKnownFileType = sourcecode.swift; path = FavoritesViewController.swift; sourceTree = "<group>"; };
		6F40A9662B6AF66300F20A4F /* AccountViewController.swift */ = {isa = PBXFileReference; lastKnownFileType = sourcecode.swift; path = AccountViewController.swift; sourceTree = "<group>"; };
		6F4ADD0B2BA780A700E8A7A7 /* SearchResultsFloatingViewController.swift */ = {isa = PBXFileReference; lastKnownFileType = sourcecode.swift; path = SearchResultsFloatingViewController.swift; sourceTree = "<group>"; };
		6F6903092B9DECBB00ED20B7 /* ClusterListener.swift */ = {isa = PBXFileReference; lastKnownFileType = sourcecode.swift; path = ClusterListener.swift; sourceTree = "<group>"; };
		6F69030B2B9E47EF00ED20B7 /* ClusterView.swift */ = {isa = PBXFileReference; lastKnownFileType = sourcecode.swift; path = ClusterView.swift; sourceTree = "<group>"; };
		6FD9AAC32BCF1EEF00E4824F /* FavouritePlacesDB.xcdatamodel */ = {isa = PBXFileReference; lastKnownFileType = wrapper.xcdatamodel; path = FavouritePlacesDB.xcdatamodel; sourceTree = "<group>"; };
		6FD9AAC52BCFB39F00E4824F /* FavouritePlacesDB.swift */ = {isa = PBXFileReference; lastKnownFileType = sourcecode.swift; path = FavouritePlacesDB.swift; sourceTree = "<group>"; };
		6FDA922A2BCD804B00F3CF32 /* MenuCollectionViewCell.swift */ = {isa = PBXFileReference; lastKnownFileType = sourcecode.swift; path = MenuCollectionViewCell.swift; sourceTree = "<group>"; };
		6FDD517B2BC2EB88004CD81C /* PlaceInfoViewController.swift */ = {isa = PBXFileReference; lastKnownFileType = sourcecode.swift; path = PlaceInfoViewController.swift; sourceTree = "<group>"; };
		6FDE970E2B69A8D70036E3BB /* Diplom.app */ = {isa = PBXFileReference; explicitFileType = wrapper.application; includeInIndex = 0; path = Diplom.app; sourceTree = BUILT_PRODUCTS_DIR; };
		6FDE97112B69A8D70036E3BB /* AppDelegate.swift */ = {isa = PBXFileReference; lastKnownFileType = sourcecode.swift; path = AppDelegate.swift; sourceTree = "<group>"; };
		6FDE97132B69A8D70036E3BB /* SceneDelegate.swift */ = {isa = PBXFileReference; lastKnownFileType = sourcecode.swift; path = SceneDelegate.swift; sourceTree = "<group>"; };
		6FDE97152B69A8D70036E3BB /* SearchViewController.swift */ = {isa = PBXFileReference; lastKnownFileType = sourcecode.swift; path = SearchViewController.swift; sourceTree = "<group>"; };
		6FDE97182B69A8D70036E3BB /* Base */ = {isa = PBXFileReference; lastKnownFileType = file.storyboard; name = Base; path = Base.lproj/Main.storyboard; sourceTree = "<group>"; };
		6FDE971A2B69A8DD0036E3BB /* Assets.xcassets */ = {isa = PBXFileReference; lastKnownFileType = folder.assetcatalog; path = Assets.xcassets; sourceTree = "<group>"; };
		6FDE971D2B69A8DD0036E3BB /* Base */ = {isa = PBXFileReference; lastKnownFileType = file.storyboard; name = Base; path = Base.lproj/LaunchScreen.storyboard; sourceTree = "<group>"; };
		6FDE971F2B69A8DD0036E3BB /* Info.plist */ = {isa = PBXFileReference; lastKnownFileType = text.plist.xml; path = Info.plist; sourceTree = "<group>"; };
		6FDF87572BBF425100E1D8C5 /* MapController.swift */ = {isa = PBXFileReference; lastKnownFileType = sourcecode.swift; path = MapController.swift; sourceTree = "<group>"; };
		6FDF875D2BC15C7F00E1D8C5 /* PlaceInfoCell.xib */ = {isa = PBXFileReference; lastKnownFileType = file.xib; path = PlaceInfoCell.xib; sourceTree = "<group>"; };
		6FDF875F2BC162BD00E1D8C5 /* PlaceInfoCell.swift */ = {isa = PBXFileReference; lastKnownFileType = sourcecode.swift; path = PlaceInfoCell.swift; sourceTree = "<group>"; };
		6FE14C012B93D406008E843D /* Place.swift */ = {isa = PBXFileReference; lastKnownFileType = sourcecode.swift; path = Place.swift; sourceTree = "<group>"; };
		6FE14FEE2BCC2DD00090CAEE /* LocationManager.swift */ = {isa = PBXFileReference; lastKnownFileType = sourcecode.swift; path = LocationManager.swift; sourceTree = "<group>"; };
		6FF33C862B868B5A0057A5DE /* SearchResultsViewController.swift */ = {isa = PBXFileReference; lastKnownFileType = sourcecode.swift; path = SearchResultsViewController.swift; sourceTree = "<group>"; };
		6FF8BC1C2BB8D6B9008007A6 /* SearchManager.swift */ = {isa = PBXFileReference; lastKnownFileType = sourcecode.swift; path = SearchManager.swift; sourceTree = "<group>"; };
		6FF8BC1E2BB8DA76008007A6 /* SearchResponseItem.swift */ = {isa = PBXFileReference; lastKnownFileType = sourcecode.swift; path = SearchResponseItem.swift; sourceTree = "<group>"; };
		E9E3C0421C62ED07750E8607 /* Pods-Diplom.release.xcconfig */ = {isa = PBXFileReference; includeInIndex = 1; lastKnownFileType = text.xcconfig; name = "Pods-Diplom.release.xcconfig"; path = "Target Support Files/Pods-Diplom/Pods-Diplom.release.xcconfig"; sourceTree = "<group>"; };
/* End PBXFileReference section */

/* Begin PBXFrameworksBuildPhase section */
		6FDE970B2B69A8D70036E3BB /* Frameworks */ = {
			isa = PBXFrameworksBuildPhase;
			buildActionMask = 2147483647;
			files = (
				7D8650CC37BDA138DC1031B8 /* Pods_Diplom.framework in Frameworks */,
			);
			runOnlyForDeploymentPostprocessing = 0;
		};
/* End PBXFrameworksBuildPhase section */

/* Begin PBXGroup section */
		55598FD8AE6D795EBC594499 /* Frameworks */ = {
			isa = PBXGroup;
			children = (
				1C04F8057B8A1EDCA52638C9 /* Pods_Diplom.framework */,
			);
			name = Frameworks;
			sourceTree = "<group>";
		};
		6FCFFCD72B7B4679004041CA /* Controller */ = {
			isa = PBXGroup;
			children = (
			);
			path = Controller;
			sourceTree = "<group>";
		};
		6FCFFCD82B7B478B004041CA /* View */ = {
			isa = PBXGroup;
			children = (
				6FDE97152B69A8D70036E3BB /* SearchViewController.swift */,
				6FDA922A2BCD804B00F3CF32 /* MenuCollectionViewCell.swift */,
				6F40A9642B6AF62300F20A4F /* FavoritesViewController.swift */,
				6F40A9662B6AF66300F20A4F /* AccountViewController.swift */,
				6FF33C862B868B5A0057A5DE /* SearchResultsViewController.swift */,
				6F4ADD0B2BA780A700E8A7A7 /* SearchResultsFloatingViewController.swift */,
				6FDF87572BBF425100E1D8C5 /* MapController.swift */,
				6FDD517B2BC2EB88004CD81C /* PlaceInfoViewController.swift */,
				6F2AFA852BC7E6C700D8F044 /* NavigationViewController.swift */,
			);
			path = View;
			sourceTree = "<group>";
		};
		6FCFFCD92B7B4794004041CA /* Model */ = {
			isa = PBXGroup;
			children = (
				6FF8BC1C2BB8D6B9008007A6 /* SearchManager.swift */,
				6FE14C012B93D406008E843D /* Place.swift */,
				6FD9AAC22BCF1EEF00E4824F /* FavouritePlacesDB.xcdatamodeld */,
				6FD9AAC52BCFB39F00E4824F /* FavouritePlacesDB.swift */,
				6FF8BC1E2BB8DA76008007A6 /* SearchResponseItem.swift */,
				6F2AFA832BC7E3C300D8F044 /* UserLocation.swift */,
				6FE14FEE2BCC2DD00090CAEE /* LocationManager.swift */,
			);
			path = Model;
			sourceTree = "<group>";
		};
		6FDE97052B69A8D70036E3BB = {
			isa = PBXGroup;
			children = (
				6FDE97102B69A8D70036E3BB /* Diplom */,
				6FDE970F2B69A8D70036E3BB /* Products */,
				BE673937BDBE5E9C5F202A46 /* Pods */,
				55598FD8AE6D795EBC594499 /* Frameworks */,
			);
			sourceTree = "<group>";
		};
		6FDE970F2B69A8D70036E3BB /* Products */ = {
			isa = PBXGroup;
			children = (
				6FDE970E2B69A8D70036E3BB /* Diplom.app */,
			);
			name = Products;
			sourceTree = "<group>";
		};
		6FDE97102B69A8D70036E3BB /* Diplom */ = {
			isa = PBXGroup;
			children = (
				6FDF87612BC17ED400E1D8C5 /* PlaceInfoCell */,
				6FDE97172B69A8D70036E3BB /* Main.storyboard */,
				6FDE971A2B69A8DD0036E3BB /* Assets.xcassets */,
				6FDE971C2B69A8DD0036E3BB /* LaunchScreen.storyboard */,
				6FDE971F2B69A8DD0036E3BB /* Info.plist */,
				6FDE97112B69A8D70036E3BB /* AppDelegate.swift */,
				6FDE97132B69A8D70036E3BB /* SceneDelegate.swift */,
				6FCFFCD92B7B4794004041CA /* Model */,
				6FCFFCD82B7B478B004041CA /* View */,
				6FCFFCD72B7B4679004041CA /* Controller */,
				6F6903092B9DECBB00ED20B7 /* ClusterListener.swift */,
				6F69030B2B9E47EF00ED20B7 /* ClusterView.swift */,
			);
			path = Diplom;
			sourceTree = "<group>";
		};
		6FDF87612BC17ED400E1D8C5 /* PlaceInfoCell */ = {
			isa = PBXGroup;
			children = (
				6FDF875D2BC15C7F00E1D8C5 /* PlaceInfoCell.xib */,
				6FDF875F2BC162BD00E1D8C5 /* PlaceInfoCell.swift */,
			);
			path = PlaceInfoCell;
			sourceTree = "<group>";
		};
		BE673937BDBE5E9C5F202A46 /* Pods */ = {
			isa = PBXGroup;
			children = (
				115553A5A8261D82EC6F96EC /* Pods-Diplom.debug.xcconfig */,
				E9E3C0421C62ED07750E8607 /* Pods-Diplom.release.xcconfig */,
			);
			path = Pods;
			sourceTree = "<group>";
		};
/* End PBXGroup section */

/* Begin PBXNativeTarget section */
		6FDE970D2B69A8D70036E3BB /* Diplom */ = {
			isa = PBXNativeTarget;
			buildConfigurationList = 6FDE97222B69A8DD0036E3BB /* Build configuration list for PBXNativeTarget "Diplom" */;
			buildPhases = (
				C3668B0A3232AF26B9111B24 /* [CP] Check Pods Manifest.lock */,
				6FDE970A2B69A8D70036E3BB /* Sources */,
				6FDE970B2B69A8D70036E3BB /* Frameworks */,
				6FDE970C2B69A8D70036E3BB /* Resources */,
				D9CFDB527448BFBE69065B05 /* [CP] Copy Pods Resources */,
			);
			buildRules = (
			);
			dependencies = (
			);
			name = Diplom;
			productName = Diplom;
			productReference = 6FDE970E2B69A8D70036E3BB /* Diplom.app */;
			productType = "com.apple.product-type.application";
		};
/* End PBXNativeTarget section */

/* Begin PBXProject section */
		6FDE97062B69A8D70036E3BB /* Project object */ = {
			isa = PBXProject;
			attributes = {
				BuildIndependentTargetsInParallel = 1;
				LastSwiftUpdateCheck = 1520;
				LastUpgradeCheck = 1520;
				TargetAttributes = {
					6FDE970D2B69A8D70036E3BB = {
						CreatedOnToolsVersion = 15.2;
					};
				};
			};
			buildConfigurationList = 6FDE97092B69A8D70036E3BB /* Build configuration list for PBXProject "Diplom" */;
			compatibilityVersion = "Xcode 14.0";
			developmentRegion = en;
			hasScannedForEncodings = 0;
			knownRegions = (
				en,
				Base,
			);
			mainGroup = 6FDE97052B69A8D70036E3BB;
			productRefGroup = 6FDE970F2B69A8D70036E3BB /* Products */;
			projectDirPath = "";
			projectRoot = "";
			targets = (
				6FDE970D2B69A8D70036E3BB /* Diplom */,
			);
		};
/* End PBXProject section */

/* Begin PBXResourcesBuildPhase section */
		6FDE970C2B69A8D70036E3BB /* Resources */ = {
			isa = PBXResourcesBuildPhase;
			buildActionMask = 2147483647;
			files = (
				6FDE971E2B69A8DD0036E3BB /* LaunchScreen.storyboard in Resources */,
				6FDE971B2B69A8DD0036E3BB /* Assets.xcassets in Resources */,
				6FDE97192B69A8D70036E3BB /* Main.storyboard in Resources */,
				6FDF875E2BC15C7F00E1D8C5 /* PlaceInfoCell.xib in Resources */,
			);
			runOnlyForDeploymentPostprocessing = 0;
		};
/* End PBXResourcesBuildPhase section */

/* Begin PBXShellScriptBuildPhase section */
		C3668B0A3232AF26B9111B24 /* [CP] Check Pods Manifest.lock */ = {
			isa = PBXShellScriptBuildPhase;
			buildActionMask = 2147483647;
			files = (
			);
			inputFileListPaths = (
			);
			inputPaths = (
				"${PODS_PODFILE_DIR_PATH}/Podfile.lock",
				"${PODS_ROOT}/Manifest.lock",
			);
			name = "[CP] Check Pods Manifest.lock";
			outputFileListPaths = (
			);
			outputPaths = (
				"$(DERIVED_FILE_DIR)/Pods-Diplom-checkManifestLockResult.txt",
			);
			runOnlyForDeploymentPostprocessing = 0;
			shellPath = /bin/sh;
			shellScript = "diff \"${PODS_PODFILE_DIR_PATH}/Podfile.lock\" \"${PODS_ROOT}/Manifest.lock\" > /dev/null\nif [ $? != 0 ] ; then\n    # print error to STDERR\n    echo \"error: The sandbox is not in sync with the Podfile.lock. Run 'pod install' or update your CocoaPods installation.\" >&2\n    exit 1\nfi\n# This output is used by Xcode 'outputs' to avoid re-running this script phase.\necho \"SUCCESS\" > \"${SCRIPT_OUTPUT_FILE_0}\"\n";
			showEnvVarsInLog = 0;
		};
		D9CFDB527448BFBE69065B05 /* [CP] Copy Pods Resources */ = {
			isa = PBXShellScriptBuildPhase;
			buildActionMask = 2147483647;
			files = (
			);
			inputFileListPaths = (
				"${PODS_ROOT}/Target Support Files/Pods-Diplom/Pods-Diplom-resources-${CONFIGURATION}-input-files.xcfilelist",
			);
			name = "[CP] Copy Pods Resources";
			outputFileListPaths = (
				"${PODS_ROOT}/Target Support Files/Pods-Diplom/Pods-Diplom-resources-${CONFIGURATION}-output-files.xcfilelist",
			);
			runOnlyForDeploymentPostprocessing = 0;
			shellPath = /bin/sh;
			shellScript = "\"${PODS_ROOT}/Target Support Files/Pods-Diplom/Pods-Diplom-resources.sh\"\n";
			showEnvVarsInLog = 0;
		};
/* End PBXShellScriptBuildPhase section */

/* Begin PBXSourcesBuildPhase section */
		6FDE970A2B69A8D70036E3BB /* Sources */ = {
			isa = PBXSourcesBuildPhase;
			buildActionMask = 2147483647;
			files = (
				6F69030A2B9DECBB00ED20B7 /* ClusterListener.swift in Sources */,
				6FE14C022B93D406008E843D /* Place.swift in Sources */,
				6FDE97162B69A8D70036E3BB /* SearchViewController.swift in Sources */,
				6FF8BC1F2BB8DA76008007A6 /* SearchResponseItem.swift in Sources */,
				6FF8BC1D2BB8D6B9008007A6 /* SearchManager.swift in Sources */,
				6F2AFA842BC7E3C300D8F044 /* UserLocation.swift in Sources */,
				6F69030C2B9E47EF00ED20B7 /* ClusterView.swift in Sources */,
				6F40A9672B6AF66300F20A4F /* AccountViewController.swift in Sources */,
				6F4ADD0C2BA780A700E8A7A7 /* SearchResultsFloatingViewController.swift in Sources */,
				6FDF87582BBF425100E1D8C5 /* MapController.swift in Sources */,
				6FDE97122B69A8D70036E3BB /* AppDelegate.swift in Sources */,
				6F2AFA862BC7E6C700D8F044 /* NavigationViewController.swift in Sources */,
				6F40A9652B6AF62300F20A4F /* FavoritesViewController.swift in Sources */,
				6FF33C872B868B5A0057A5DE /* SearchResultsViewController.swift in Sources */,
				6FDD517C2BC2EB88004CD81C /* PlaceInfoViewController.swift in Sources */,
				6FDE97142B69A8D70036E3BB /* SceneDelegate.swift in Sources */,
				6FE14FEF2BCC2DD00090CAEE /* LocationManager.swift in Sources */,
				6FD9AAC62BCFB39F00E4824F /* FavouritePlacesDB.swift in Sources */,
				6FD9AAC42BCF1EEF00E4824F /* FavouritePlacesDB.xcdatamodeld in Sources */,
				6FDF87602BC162BD00E1D8C5 /* PlaceInfoCell.swift in Sources */,
				6FDA922B2BCD804B00F3CF32 /* MenuCollectionViewCell.swift in Sources */,
			);
			runOnlyForDeploymentPostprocessing = 0;
		};
/* End PBXSourcesBuildPhase section */

/* Begin PBXVariantGroup section */
		6FDE97172B69A8D70036E3BB /* Main.storyboard */ = {
			isa = PBXVariantGroup;
			children = (
				6FDE97182B69A8D70036E3BB /* Base */,
			);
			name = Main.storyboard;
			sourceTree = "<group>";
		};
		6FDE971C2B69A8DD0036E3BB /* LaunchScreen.storyboard */ = {
			isa = PBXVariantGroup;
			children = (
				6FDE971D2B69A8DD0036E3BB /* Base */,
			);
			name = LaunchScreen.storyboard;
			sourceTree = "<group>";
		};
/* End PBXVariantGroup section */

/* Begin XCBuildConfiguration section */
		6FDE97202B69A8DD0036E3BB /* Debug */ = {
			isa = XCBuildConfiguration;
			buildSettings = {
				ALWAYS_SEARCH_USER_PATHS = NO;
				ASSETCATALOG_COMPILER_GENERATE_SWIFT_ASSET_SYMBOL_EXTENSIONS = YES;
				CLANG_ANALYZER_NONNULL = YES;
				CLANG_ANALYZER_NUMBER_OBJECT_CONVERSION = YES_AGGRESSIVE;
				CLANG_CXX_LANGUAGE_STANDARD = "gnu++20";
				CLANG_ENABLE_MODULES = YES;
				CLANG_ENABLE_OBJC_ARC = YES;
				CLANG_ENABLE_OBJC_WEAK = YES;
				CLANG_WARN_BLOCK_CAPTURE_AUTORELEASING = YES;
				CLANG_WARN_BOOL_CONVERSION = YES;
				CLANG_WARN_COMMA = YES;
				CLANG_WARN_CONSTANT_CONVERSION = YES;
				CLANG_WARN_DEPRECATED_OBJC_IMPLEMENTATIONS = YES;
				CLANG_WARN_DIRECT_OBJC_ISA_USAGE = YES_ERROR;
				CLANG_WARN_DOCUMENTATION_COMMENTS = YES;
				CLANG_WARN_EMPTY_BODY = YES;
				CLANG_WARN_ENUM_CONVERSION = YES;
				CLANG_WARN_INFINITE_RECURSION = YES;
				CLANG_WARN_INT_CONVERSION = YES;
				CLANG_WARN_NON_LITERAL_NULL_CONVERSION = YES;
				CLANG_WARN_OBJC_IMPLICIT_RETAIN_SELF = YES;
				CLANG_WARN_OBJC_LITERAL_CONVERSION = YES;
				CLANG_WARN_OBJC_ROOT_CLASS = YES_ERROR;
				CLANG_WARN_QUOTED_INCLUDE_IN_FRAMEWORK_HEADER = YES;
				CLANG_WARN_RANGE_LOOP_ANALYSIS = YES;
				CLANG_WARN_STRICT_PROTOTYPES = YES;
				CLANG_WARN_SUSPICIOUS_MOVE = YES;
				CLANG_WARN_UNGUARDED_AVAILABILITY = YES_AGGRESSIVE;
				CLANG_WARN_UNREACHABLE_CODE = YES;
				CLANG_WARN__DUPLICATE_METHOD_MATCH = YES;
				COPY_PHASE_STRIP = NO;
				DEBUG_INFORMATION_FORMAT = dwarf;
				ENABLE_STRICT_OBJC_MSGSEND = YES;
				ENABLE_TESTABILITY = YES;
				ENABLE_USER_SCRIPT_SANDBOXING = NO;
				GCC_C_LANGUAGE_STANDARD = gnu17;
				GCC_DYNAMIC_NO_PIC = NO;
				GCC_NO_COMMON_BLOCKS = YES;
				GCC_OPTIMIZATION_LEVEL = 0;
				GCC_PREPROCESSOR_DEFINITIONS = (
					"DEBUG=1",
					"$(inherited)",
				);
				GCC_WARN_64_TO_32_BIT_CONVERSION = YES;
				GCC_WARN_ABOUT_RETURN_TYPE = YES_ERROR;
				GCC_WARN_UNDECLARED_SELECTOR = YES;
				GCC_WARN_UNINITIALIZED_AUTOS = YES_AGGRESSIVE;
				GCC_WARN_UNUSED_FUNCTION = YES;
				GCC_WARN_UNUSED_VARIABLE = YES;
				INFOPLIST_KEY_NSLocationAlwaysAndWhenInUseUsageDescription = "";
				IPHONEOS_DEPLOYMENT_TARGET = 17.2;
				LOCALIZATION_PREFERS_STRING_CATALOGS = YES;
				MTL_ENABLE_DEBUG_INFO = INCLUDE_SOURCE;
				MTL_FAST_MATH = YES;
				ONLY_ACTIVE_ARCH = YES;
				SDKROOT = iphoneos;
				SWIFT_ACTIVE_COMPILATION_CONDITIONS = "DEBUG $(inherited)";
				SWIFT_OPTIMIZATION_LEVEL = "-Onone";
			};
			name = Debug;
		};
		6FDE97212B69A8DD0036E3BB /* Release */ = {
			isa = XCBuildConfiguration;
			buildSettings = {
				ALWAYS_SEARCH_USER_PATHS = NO;
				ASSETCATALOG_COMPILER_GENERATE_SWIFT_ASSET_SYMBOL_EXTENSIONS = YES;
				CLANG_ANALYZER_NONNULL = YES;
				CLANG_ANALYZER_NUMBER_OBJECT_CONVERSION = YES_AGGRESSIVE;
				CLANG_CXX_LANGUAGE_STANDARD = "gnu++20";
				CLANG_ENABLE_MODULES = YES;
				CLANG_ENABLE_OBJC_ARC = YES;
				CLANG_ENABLE_OBJC_WEAK = YES;
				CLANG_WARN_BLOCK_CAPTURE_AUTORELEASING = YES;
				CLANG_WARN_BOOL_CONVERSION = YES;
				CLANG_WARN_COMMA = YES;
				CLANG_WARN_CONSTANT_CONVERSION = YES;
				CLANG_WARN_DEPRECATED_OBJC_IMPLEMENTATIONS = YES;
				CLANG_WARN_DIRECT_OBJC_ISA_USAGE = YES_ERROR;
				CLANG_WARN_DOCUMENTATION_COMMENTS = YES;
				CLANG_WARN_EMPTY_BODY = YES;
				CLANG_WARN_ENUM_CONVERSION = YES;
				CLANG_WARN_INFINITE_RECURSION = YES;
				CLANG_WARN_INT_CONVERSION = YES;
				CLANG_WARN_NON_LITERAL_NULL_CONVERSION = YES;
				CLANG_WARN_OBJC_IMPLICIT_RETAIN_SELF = YES;
				CLANG_WARN_OBJC_LITERAL_CONVERSION = YES;
				CLANG_WARN_OBJC_ROOT_CLASS = YES_ERROR;
				CLANG_WARN_QUOTED_INCLUDE_IN_FRAMEWORK_HEADER = YES;
				CLANG_WARN_RANGE_LOOP_ANALYSIS = YES;
				CLANG_WARN_STRICT_PROTOTYPES = YES;
				CLANG_WARN_SUSPICIOUS_MOVE = YES;
				CLANG_WARN_UNGUARDED_AVAILABILITY = YES_AGGRESSIVE;
				CLANG_WARN_UNREACHABLE_CODE = YES;
				CLANG_WARN__DUPLICATE_METHOD_MATCH = YES;
				COPY_PHASE_STRIP = NO;
				DEBUG_INFORMATION_FORMAT = "dwarf-with-dsym";
				ENABLE_NS_ASSERTIONS = NO;
				ENABLE_STRICT_OBJC_MSGSEND = YES;
				ENABLE_USER_SCRIPT_SANDBOXING = NO;
				GCC_C_LANGUAGE_STANDARD = gnu17;
				GCC_NO_COMMON_BLOCKS = YES;
				GCC_WARN_64_TO_32_BIT_CONVERSION = YES;
				GCC_WARN_ABOUT_RETURN_TYPE = YES_ERROR;
				GCC_WARN_UNDECLARED_SELECTOR = YES;
				GCC_WARN_UNINITIALIZED_AUTOS = YES_AGGRESSIVE;
				GCC_WARN_UNUSED_FUNCTION = YES;
				GCC_WARN_UNUSED_VARIABLE = YES;
				IPHONEOS_DEPLOYMENT_TARGET = 17.2;
				LOCALIZATION_PREFERS_STRING_CATALOGS = YES;
				MTL_ENABLE_DEBUG_INFO = NO;
				MTL_FAST_MATH = YES;
				SDKROOT = iphoneos;
				SWIFT_COMPILATION_MODE = wholemodule;
				VALIDATE_PRODUCT = YES;
			};
			name = Release;
		};
		6FDE97232B69A8DD0036E3BB /* Debug */ = {
			isa = XCBuildConfiguration;
			baseConfigurationReference = 115553A5A8261D82EC6F96EC /* Pods-Diplom.debug.xcconfig */;
			buildSettings = {
				ASSETCATALOG_COMPILER_APPICON_NAME = AppIcon;
				ASSETCATALOG_COMPILER_GLOBAL_ACCENT_COLOR_NAME = AccentColor;
				CODE_SIGN_STYLE = Automatic;
				CURRENT_PROJECT_VERSION = 1;
				DEVELOPMENT_TEAM = 8LF5WCGQ7V;
				GENERATE_INFOPLIST_FILE = YES;
				INFOPLIST_FILE = Diplom/Info.plist;
				INFOPLIST_KEY_NSLocationAlwaysAndWhenInUseUsageDescription = "Приложение использует ваше местоположение для предоставления персонализированного опыта";
				INFOPLIST_KEY_NSLocationAlwaysUsageDescription = "Приложение использует ваше местоположение для предоставления персонализированного опыта";
				INFOPLIST_KEY_NSLocationWhenInUseUsageDescription = "Приложение использует ваше местоположение для предоставления персонализированного опыта";
				INFOPLIST_KEY_UIApplicationSupportsIndirectInputEvents = YES;
				INFOPLIST_KEY_UILaunchStoryboardName = LaunchScreen;
				INFOPLIST_KEY_UIMainStoryboardFile = Main;
				INFOPLIST_KEY_UISupportedInterfaceOrientations = UIInterfaceOrientationPortrait;
				INFOPLIST_KEY_UISupportedInterfaceOrientations_iPad = "UIInterfaceOrientationPortrait UIInterfaceOrientationPortraitUpsideDown";
				LD_RUNPATH_SEARCH_PATHS = (
					"$(inherited)",
					"@executable_path/Frameworks",
				);
				MARKETING_VERSION = 1.0;
				PRODUCT_BUNDLE_IDENTIFIER = MargaritaUsova.Diplom;
				PRODUCT_NAME = "$(TARGET_NAME)";
				SWIFT_EMIT_LOC_STRINGS = YES;
				SWIFT_VERSION = 5.0;
				TARGETED_DEVICE_FAMILY = "1,2";
			};
			name = Debug;
		};
		6FDE97242B69A8DD0036E3BB /* Release */ = {
			isa = XCBuildConfiguration;
			baseConfigurationReference = E9E3C0421C62ED07750E8607 /* Pods-Diplom.release.xcconfig */;
			buildSettings = {
				ASSETCATALOG_COMPILER_APPICON_NAME = AppIcon;
				ASSETCATALOG_COMPILER_GLOBAL_ACCENT_COLOR_NAME = AccentColor;
				CODE_SIGN_STYLE = Automatic;
				CURRENT_PROJECT_VERSION = 1;
				DEVELOPMENT_TEAM = 8LF5WCGQ7V;
				GENERATE_INFOPLIST_FILE = YES;
				INFOPLIST_FILE = Diplom/Info.plist;
				INFOPLIST_KEY_NSLocationAlwaysAndWhenInUseUsageDescription = "Приложение использует ваше местоположение для предоставления персонализированного опыта";
				INFOPLIST_KEY_NSLocationAlwaysUsageDescription = "Приложение использует ваше местоположение для предоставления персонализированного опыта";
				INFOPLIST_KEY_NSLocationWhenInUseUsageDescription = "Приложение использует ваше местоположение для предоставления персонализированного опыта";
				INFOPLIST_KEY_UIApplicationSupportsIndirectInputEvents = YES;
				INFOPLIST_KEY_UILaunchStoryboardName = LaunchScreen;
				INFOPLIST_KEY_UIMainStoryboardFile = Main;
				INFOPLIST_KEY_UISupportedInterfaceOrientations = UIInterfaceOrientationPortrait;
				INFOPLIST_KEY_UISupportedInterfaceOrientations_iPad = "UIInterfaceOrientationPortrait UIInterfaceOrientationPortraitUpsideDown";
				LD_RUNPATH_SEARCH_PATHS = (
					"$(inherited)",
					"@executable_path/Frameworks",
				);
				MARKETING_VERSION = 1.0;
				PRODUCT_BUNDLE_IDENTIFIER = MargaritaUsova.Diplom;
				PRODUCT_NAME = "$(TARGET_NAME)";
				SWIFT_EMIT_LOC_STRINGS = YES;
				SWIFT_VERSION = 5.0;
				TARGETED_DEVICE_FAMILY = "1,2";
			};
			name = Release;
		};
/* End XCBuildConfiguration section */

/* Begin XCConfigurationList section */
		6FDE97092B69A8D70036E3BB /* Build configuration list for PBXProject "Diplom" */ = {
			isa = XCConfigurationList;
			buildConfigurations = (
				6FDE97202B69A8DD0036E3BB /* Debug */,
				6FDE97212B69A8DD0036E3BB /* Release */,
			);
			defaultConfigurationIsVisible = 0;
			defaultConfigurationName = Release;
		};
		6FDE97222B69A8DD0036E3BB /* Build configuration list for PBXNativeTarget "Diplom" */ = {
			isa = XCConfigurationList;
			buildConfigurations = (
				6FDE97232B69A8DD0036E3BB /* Debug */,
				6FDE97242B69A8DD0036E3BB /* Release */,
			);
			defaultConfigurationIsVisible = 0;
			defaultConfigurationName = Release;
		};
/* End XCConfigurationList section */

/* Begin XCVersionGroup section */
		6FD9AAC22BCF1EEF00E4824F /* FavouritePlacesDB.xcdatamodeld */ = {
			isa = XCVersionGroup;
			children = (
				6FD9AAC32BCF1EEF00E4824F /* FavouritePlacesDB.xcdatamodel */,
			);
			currentVersion = 6FD9AAC32BCF1EEF00E4824F /* FavouritePlacesDB.xcdatamodel */;
			path = FavouritePlacesDB.xcdatamodeld;
			sourceTree = "<group>";
			versionGroupType = wrapper.xcdatamodel;
		};
/* End XCVersionGroup section */
	};
	rootObject = 6FDE97062B69A8D70036E3BB /* Project object */;
}
